Microsoft Visual Studio Solution File, Format Version 12.00
# Visual Studio Version 16
VisualStudioVersion = 16.0.30114.105
MinimumVisualStudioVersion = 10.0.40219.1
Project("{2150E333-8FDC-42A3-9474-1A3956D46DE8}") = "Application", "Application", "{B8443FA3-061E-4561-9013-9672BE896E89}"
EndProject
Project("{FAE04EC0-301F-11D3-BF4B-00C04F79EFBC}") = "ExerciseList.Exercise1", "Application\ExerciseList.Exercise1\ExerciseList.Exercise1.csproj", "{713863ED-8951-463F-8ABA-31CCA669B996}"
EndProject
Project("{2150E333-8FDC-42A3-9474-1A3956D46DE8}") = "Domain", "Domain", "{6A95088E-867A-41BB-8040-547389A4C7B4}"
EndProject
Project("{FAE04EC0-301F-11D3-BF4B-00C04F79EFBC}") = "ExerciseList.DTO", "Domain\ExerciseList.DTO\ExerciseList.DTO.csproj", "{417A4AC1-E4B3-47E2-8E5D-4F2BFEB41B97}"
EndProject
Project("{2150E333-8FDC-42A3-9474-1A3956D46DE8}") = "Core", "Core", "{9035AFB4-A3ED-4275-B4C4-EC7ACB623251}"
EndProject
Project("{FAE04EC0-301F-11D3-BF4B-00C04F79EFBC}") = "ExerciseList.Service", "Core\ExerciseList.Service\ExerciseList.Service.csproj", "{E6850704-F3BA-4D1F-9035-17897680965B}"
EndProject
Project("{2150E333-8FDC-42A3-9474-1A3956D46DE8}") = "Tests", "Tests", "{1614E6E9-196D-41F1-9E02-7BD2C44C99C0}"
EndProject
Project("{FAE04EC0-301F-11D3-BF4B-00C04F79EFBC}") = "ExerciseList.Test", "Tests\ExerciseList.Test\ExerciseList.Test.csproj", "{09F1B856-A6D8-4382-8642-26C3FED487FA}"
EndProject
Project("{FAE04EC0-301F-11D3-BF4B-00C04F79EFBC}") = "ExerciseList.Exercise2", "Application\ExerciseList.Exercise2\ExerciseList.Exercise2.csproj", "{63608541-C0AF-4445-AF42-2F529653A121}"
EndProject
Project("{FAE04EC0-301F-11D3-BF4B-00C04F79EFBC}") = "ExerciseList.Exercise3", "Application\ExerciseList.Exercise3\ExerciseList.Exercise3.csproj", "{03DF6FCB-7753-484E-A98B-2A6F95F9E55F}"
EndProject
Project("{FAE04EC0-301F-11D3-BF4B-00C04F79EFBC}") = "ExerciseList.Exercise4", "Application\ExerciseList.Exercise4\ExerciseList.Exercise4.csproj", "{A32AD9E7-EB3A-4052-99CF-14AAB6AEB2CD}"
EndProject
Global
	GlobalSection(SolutionConfigurationPlatforms) = preSolution
		Debug|Any CPU = Debug|Any CPU
		Debug|x64 = Debug|x64
		Debug|x86 = Debug|x86
		Release|Any CPU = Release|Any CPU
		Release|x64 = Release|x64
		Release|x86 = Release|x86
	EndGlobalSection
	GlobalSection(SolutionProperties) = preSolution
		HideSolutionNode = FALSE
	EndGlobalSection
	GlobalSection(ProjectConfigurationPlatforms) = postSolution
		{713863ED-8951-463F-8ABA-31CCA669B996}.Debug|Any CPU.ActiveCfg = Debug|Any CPU
		{713863ED-8951-463F-8ABA-31CCA669B996}.Debug|Any CPU.Build.0 = Debug|Any CPU
		{713863ED-8951-463F-8ABA-31CCA669B996}.Debug|x64.ActiveCfg = Debug|Any CPU
		{713863ED-8951-463F-8ABA-31CCA669B996}.Debug|x64.Build.0 = Debug|Any CPU
		{713863ED-8951-463F-8ABA-31CCA669B996}.Debug|x86.ActiveCfg = Debug|Any CPU
		{713863ED-8951-463F-8ABA-31CCA669B996}.Debug|x86.Build.0 = Debug|Any CPU
		{713863ED-8951-463F-8ABA-31CCA669B996}.Release|Any CPU.ActiveCfg = Release|Any CPU
		{713863ED-8951-463F-8ABA-31CCA669B996}.Release|Any CPU.Build.0 = Release|Any CPU
		{713863ED-8951-463F-8ABA-31CCA669B996}.Release|x64.ActiveCfg = Release|Any CPU
		{713863ED-8951-463F-8ABA-31CCA669B996}.Release|x64.Build.0 = Release|Any CPU
		{713863ED-8951-463F-8ABA-31CCA669B996}.Release|x86.ActiveCfg = Release|Any CPU
		{713863ED-8951-463F-8ABA-31CCA669B996}.Release|x86.Build.0 = Release|Any CPU
		{417A4AC1-E4B3-47E2-8E5D-4F2BFEB41B97}.Debug|Any CPU.ActiveCfg = Debug|Any CPU
		{417A4AC1-E4B3-47E2-8E5D-4F2BFEB41B97}.Debug|Any CPU.Build.0 = Debug|Any CPU
		{417A4AC1-E4B3-47E2-8E5D-4F2BFEB41B97}.Debug|x64.ActiveCfg = Debug|Any CPU
		{417A4AC1-E4B3-47E2-8E5D-4F2BFEB41B97}.Debug|x64.Build.0 = Debug|Any CPU
		{417A4AC1-E4B3-47E2-8E5D-4F2BFEB41B97}.Debug|x86.ActiveCfg = Debug|Any CPU
		{417A4AC1-E4B3-47E2-8E5D-4F2BFEB41B97}.Debug|x86.Build.0 = Debug|Any CPU
		{417A4AC1-E4B3-47E2-8E5D-4F2BFEB41B97}.Release|Any CPU.ActiveCfg = Release|Any CPU
		{417A4AC1-E4B3-47E2-8E5D-4F2BFEB41B97}.Release|Any CPU.Build.0 = Release|Any CPU
		{417A4AC1-E4B3-47E2-8E5D-4F2BFEB41B97}.Release|x64.ActiveCfg = Release|Any CPU
		{417A4AC1-E4B3-47E2-8E5D-4F2BFEB41B97}.Release|x64.Build.0 = Release|Any CPU
		{417A4AC1-E4B3-47E2-8E5D-4F2BFEB41B97}.Release|x86.ActiveCfg = Release|Any CPU
		{417A4AC1-E4B3-47E2-8E5D-4F2BFEB41B97}.Release|x86.Build.0 = Release|Any CPU
		{E6850704-F3BA-4D1F-9035-17897680965B}.Debug|Any CPU.ActiveCfg = Debug|Any CPU
		{E6850704-F3BA-4D1F-9035-17897680965B}.Debug|Any CPU.Build.0 = Debug|Any CPU
		{E6850704-F3BA-4D1F-9035-17897680965B}.Debug|x64.ActiveCfg = Debug|Any CPU
		{E6850704-F3BA-4D1F-9035-17897680965B}.Debug|x64.Build.0 = Debug|Any CPU
		{E6850704-F3BA-4D1F-9035-17897680965B}.Debug|x86.ActiveCfg = Debug|Any CPU
		{E6850704-F3BA-4D1F-9035-17897680965B}.Debug|x86.Build.0 = Debug|Any CPU
		{E6850704-F3BA-4D1F-9035-17897680965B}.Release|Any CPU.ActiveCfg = Release|Any CPU
		{E6850704-F3BA-4D1F-9035-17897680965B}.Release|Any CPU.Build.0 = Release|Any CPU
		{E6850704-F3BA-4D1F-9035-17897680965B}.Release|x64.ActiveCfg = Release|Any CPU
		{E6850704-F3BA-4D1F-9035-17897680965B}.Release|x64.Build.0 = Release|Any CPU
		{E6850704-F3BA-4D1F-9035-17897680965B}.Release|x86.ActiveCfg = Release|Any CPU
		{E6850704-F3BA-4D1F-9035-17897680965B}.Release|x86.Build.0 = Release|Any CPU
		{09F1B856-A6D8-4382-8642-26C3FED487FA}.Debug|Any CPU.ActiveCfg = Debug|Any CPU
		{09F1B856-A6D8-4382-8642-26C3FED487FA}.Debug|Any CPU.Build.0 = Debug|Any CPU
		{09F1B856-A6D8-4382-8642-26C3FED487FA}.Debug|x64.ActiveCfg = Debug|Any CPU
		{09F1B856-A6D8-4382-8642-26C3FED487FA}.Debug|x64.Build.0 = Debug|Any CPU
		{09F1B856-A6D8-4382-8642-26C3FED487FA}.Debug|x86.ActiveCfg = Debug|Any CPU
		{09F1B856-A6D8-4382-8642-26C3FED487FA}.Debug|x86.Build.0 = Debug|Any CPU
		{09F1B856-A6D8-4382-8642-26C3FED487FA}.Release|Any CPU.ActiveCfg = Release|Any CPU
		{09F1B856-A6D8-4382-8642-26C3FED487FA}.Release|Any CPU.Build.0 = Release|Any CPU
		{09F1B856-A6D8-4382-8642-26C3FED487FA}.Release|x64.ActiveCfg = Release|Any CPU
		{09F1B856-A6D8-4382-8642-26C3FED487FA}.Release|x64.Build.0 = Release|Any CPU
		{09F1B856-A6D8-4382-8642-26C3FED487FA}.Release|x86.ActiveCfg = Release|Any CPU
		{09F1B856-A6D8-4382-8642-26C3FED487FA}.Release|x86.Build.0 = Release|Any CPU
		{63608541-C0AF-4445-AF42-2F529653A121}.Debug|Any CPU.ActiveCfg = Debug|Any CPU
		{63608541-C0AF-4445-AF42-2F529653A121}.Debug|Any CPU.Build.0 = Debug|Any CPU
		{63608541-C0AF-4445-AF42-2F529653A121}.Debug|x64.ActiveCfg = Debug|Any CPU
		{63608541-C0AF-4445-AF42-2F529653A121}.Debug|x64.Build.0 = Debug|Any CPU
		{63608541-C0AF-4445-AF42-2F529653A121}.Debug|x86.ActiveCfg = Debug|Any CPU
		{63608541-C0AF-4445-AF42-2F529653A121}.Debug|x86.Build.0 = Debug|Any CPU
		{63608541-C0AF-4445-AF42-2F529653A121}.Release|Any CPU.ActiveCfg = Release|Any CPU
		{63608541-C0AF-4445-AF42-2F529653A121}.Release|Any CPU.Build.0 = Release|Any CPU
		{63608541-C0AF-4445-AF42-2F529653A121}.Release|x64.ActiveCfg = Release|Any CPU
		{63608541-C0AF-4445-AF42-2F529653A121}.Release|x64.Build.0 = Release|Any CPU
		{63608541-C0AF-4445-AF42-2F529653A121}.Release|x86.ActiveCfg = Release|Any CPU
		{63608541-C0AF-4445-AF42-2F529653A121}.Release|x86.Build.0 = Release|Any CPU
		{03DF6FCB-7753-484E-A98B-2A6F95F9E55F}.Debug|Any CPU.ActiveCfg = Debug|Any CPU
		{03DF6FCB-7753-484E-A98B-2A6F95F9E55F}.Debug|Any CPU.Build.0 = Debug|Any CPU
		{03DF6FCB-7753-484E-A98B-2A6F95F9E55F}.Debug|x64.ActiveCfg = Debug|Any CPU
		{03DF6FCB-7753-484E-A98B-2A6F95F9E55F}.Debug|x64.Build.0 = Debug|Any CPU
		{03DF6FCB-7753-484E-A98B-2A6F95F9E55F}.Debug|x86.ActiveCfg = Debug|Any CPU
		{03DF6FCB-7753-484E-A98B-2A6F95F9E55F}.Debug|x86.Build.0 = Debug|Any CPU
		{03DF6FCB-7753-484E-A98B-2A6F95F9E55F}.Release|Any CPU.ActiveCfg = Release|Any CPU
		{03DF6FCB-7753-484E-A98B-2A6F95F9E55F}.Release|Any CPU.Build.0 = Release|Any CPU
		{03DF6FCB-7753-484E-A98B-2A6F95F9E55F}.Release|x64.ActiveCfg = Release|Any CPU
		{03DF6FCB-7753-484E-A98B-2A6F95F9E55F}.Release|x64.Build.0 = Release|Any CPU
		{03DF6FCB-7753-484E-A98B-2A6F95F9E55F}.Release|x86.ActiveCfg = Release|Any CPU
		{03DF6FCB-7753-484E-A98B-2A6F95F9E55F}.Release|x86.Build.0 = Release|Any CPU
		{A32AD9E7-EB3A-4052-99CF-14AAB6AEB2CD}.Debug|Any CPU.ActiveCfg = Debug|Any CPU
		{A32AD9E7-EB3A-4052-99CF-14AAB6AEB2CD}.Debug|Any CPU.Build.0 = Debug|Any CPU
		{A32AD9E7-EB3A-4052-99CF-14AAB6AEB2CD}.Debug|x64.ActiveCfg = Debug|Any CPU
		{A32AD9E7-EB3A-4052-99CF-14AAB6AEB2CD}.Debug|x64.Build.0 = Debug|Any CPU
		{A32AD9E7-EB3A-4052-99CF-14AAB6AEB2CD}.Debug|x86.ActiveCfg = Debug|Any CPU
		{A32AD9E7-EB3A-4052-99CF-14AAB6AEB2CD}.Debug|x86.Build.0 = Debug|Any CPU
		{A32AD9E7-EB3A-4052-99CF-14AAB6AEB2CD}.Release|Any CPU.ActiveCfg = Release|Any CPU
		{A32AD9E7-EB3A-4052-99CF-14AAB6AEB2CD}.Release|Any CPU.Build.0 = Release|Any CPU
		{A32AD9E7-EB3A-4052-99CF-14AAB6AEB2CD}.Release|x64.ActiveCfg = Release|Any CPU
		{A32AD9E7-EB3A-4052-99CF-14AAB6AEB2CD}.Release|x64.Build.0 = Release|Any CPU
		{A32AD9E7-EB3A-4052-99CF-14AAB6AEB2CD}.Release|x86.ActiveCfg = Release|Any CPU
		{A32AD9E7-EB3A-4052-99CF-14AAB6AEB2CD}.Release|x86.Build.0 = Release|Any CPU
	EndGlobalSection
	GlobalSection(NestedProjects) = preSolution
		{713863ED-8951-463F-8ABA-31CCA669B996} = {B8443FA3-061E-4561-9013-9672BE896E89}
		{417A4AC1-E4B3-47E2-8E5D-4F2BFEB41B97} = {6A95088E-867A-41BB-8040-547389A4C7B4}
		{E6850704-F3BA-4D1F-9035-17897680965B} = {9035AFB4-A3ED-4275-B4C4-EC7ACB623251}
		{09F1B856-A6D8-4382-8642-26C3FED487FA} = {1614E6E9-196D-41F1-9E02-7BD2C44C99C0}
		{63608541-C0AF-4445-AF42-2F529653A121} = {B8443FA3-061E-4561-9013-9672BE896E89}
	EndGlobalSection
EndGlobal
